
Microsoft Visual Studio Solution File, Format Version 12.00
# Visual Studio Version 17
VisualStudioVersion = 17.0.31903.59
MinimumVisualStudioVersion = 10.0.40219.1
Project("{FAE04EC0-301F-11D3-BF4B-00C04F79EFBC}") = "Fink", "Fink\Fink.csproj", "{0B6FFE28-25E7-4779-B36B-A4C770ED1693}"
EndProject
Project("{FAE04EC0-301F-11D3-BF4B-00C04F79EFBC}") = "Fink.Integrations.NuGet", "Fink.Integrations.NuGet\Fink.Integrations.NuGet.csproj", "{FB26CED4-1293-4DD5-AD2B-C8158951D07F}"
EndProject
Project("{FAE04EC0-301F-11D3-BF4B-00C04F79EFBC}") = "Fink.Abstractions", "Fink.Abstractions\Fink.Abstractions.csproj", "{14EC7563-6F17-47CF-A00B-D7E6ECEC68F4}"
EndProject
Project("{FAE04EC0-301F-11D3-BF4B-00C04F79EFBC}") = "Fink.Integrations.Buildalyzer", "Fink.Integrations.Buildalyzer\Fink.Integrations.Buildalyzer.csproj", "{0D75D2FB-AA04-4ABF-AC76-99AC9DDA1071}"
EndProject
Project("{FAE04EC0-301F-11D3-BF4B-00C04F79EFBC}") = "Fink.Abstractions.Tests", "Fink.Abstractions.Tests\Fink.Abstractions.Tests.csproj", "{B75CC01F-2EEC-418C-9BB1-B6CA5D388396}"
EndProject
Project("{FAE04EC0-301F-11D3-BF4B-00C04F79EFBC}") = "Fink.Build", "Fink.Build\Fink.Build.csproj", "{DB2364D9-FBBA-42A4-9696-4061D83F700A}"
EndProject
Global
	GlobalSection(SolutionConfigurationPlatforms) = preSolution
		Debug|Any CPU = Debug|Any CPU
		Release|Any CPU = Release|Any CPU
	EndGlobalSection
	GlobalSection(SolutionProperties) = preSolution
		HideSolutionNode = FALSE
	EndGlobalSection
	GlobalSection(ProjectConfigurationPlatforms) = postSolution
		{0B6FFE28-25E7-4779-B36B-A4C770ED1693}.Debug|Any CPU.ActiveCfg = Debug|Any CPU
		{0B6FFE28-25E7-4779-B36B-A4C770ED1693}.Debug|Any CPU.Build.0 = Debug|Any CPU
		{0B6FFE28-25E7-4779-B36B-A4C770ED1693}.Release|Any CPU.ActiveCfg = Release|Any CPU
		{0B6FFE28-25E7-4779-B36B-A4C770ED1693}.Release|Any CPU.Build.0 = Release|Any CPU
		{FB26CED4-1293-4DD5-AD2B-C8158951D07F}.Debug|Any CPU.ActiveCfg = Debug|Any CPU
		{FB26CED4-1293-4DD5-AD2B-C8158951D07F}.Debug|Any CPU.Build.0 = Debug|Any CPU
		{FB26CED4-1293-4DD5-AD2B-C8158951D07F}.Release|Any CPU.ActiveCfg = Release|Any CPU
		{FB26CED4-1293-4DD5-AD2B-C8158951D07F}.Release|Any CPU.Build.0 = Release|Any CPU
		{14EC7563-6F17-47CF-A00B-D7E6ECEC68F4}.Debug|Any CPU.ActiveCfg = Debug|Any CPU
		{14EC7563-6F17-47CF-A00B-D7E6ECEC68F4}.Debug|Any CPU.Build.0 = Debug|Any CPU
		{14EC7563-6F17-47CF-A00B-D7E6ECEC68F4}.Release|Any CPU.ActiveCfg = Release|Any CPU
		{14EC7563-6F17-47CF-A00B-D7E6ECEC68F4}.Release|Any CPU.Build.0 = Release|Any CPU
		{1BB98D18-F1BC-4F7A-8FA1-C55E2910F549}.Debug|Any CPU.ActiveCfg = Debug|Any CPU
		{1BB98D18-F1BC-4F7A-8FA1-C55E2910F549}.Debug|Any CPU.Build.0 = Debug|Any CPU
		{1BB98D18-F1BC-4F7A-8FA1-C55E2910F549}.Release|Any CPU.ActiveCfg = Release|Any CPU
		{1BB98D18-F1BC-4F7A-8FA1-C55E2910F549}.Release|Any CPU.Build.0 = Release|Any CPU
		{0D75D2FB-AA04-4ABF-AC76-99AC9DDA1071}.Debug|Any CPU.ActiveCfg = Debug|Any CPU
		{0D75D2FB-AA04-4ABF-AC76-99AC9DDA1071}.Debug|Any CPU.Build.0 = Debug|Any CPU
		{0D75D2FB-AA04-4ABF-AC76-99AC9DDA1071}.Release|Any CPU.ActiveCfg = Release|Any CPU
		{0D75D2FB-AA04-4ABF-AC76-99AC9DDA1071}.Release|Any CPU.Build.0 = Release|Any CPU
		{B75CC01F-2EEC-418C-9BB1-B6CA5D388396}.Debug|Any CPU.ActiveCfg = Debug|Any CPU
		{B75CC01F-2EEC-418C-9BB1-B6CA5D388396}.Debug|Any CPU.Build.0 = Debug|Any CPU
		{B75CC01F-2EEC-418C-9BB1-B6CA5D388396}.Release|Any CPU.ActiveCfg = Release|Any CPU
		{B75CC01F-2EEC-418C-9BB1-B6CA5D388396}.Release|Any CPU.Build.0 = Release|Any CPU
		{DB2364D9-FBBA-42A4-9696-4061D83F700A}.Debug|Any CPU.ActiveCfg = Debug|Any CPU
		{DB2364D9-FBBA-42A4-9696-4061D83F700A}.Debug|Any CPU.Build.0 = Debug|Any CPU
		{DB2364D9-FBBA-42A4-9696-4061D83F700A}.Release|Any CPU.ActiveCfg = Release|Any CPU
		{DB2364D9-FBBA-42A4-9696-4061D83F700A}.Release|Any CPU.Build.0 = Release|Any CPU
	EndGlobalSection
EndGlobal
